
Microsoft Visual Studio Solution File, Format Version 12.00
# Visual Studio Version 17
VisualStudioVersion = 17.0.31903.59
MinimumVisualStudioVersion = 10.0.40219.1
Project("{9A19103F-16F7-4668-BE54-9A1E7A4F7556}") = "SportsTacticsBoard", "SportsTacticsBoard\SportsTacticsBoard.csproj", "{D71C9BC3-3FF5-4C5D-A49E-33E9C2C8A79A}"
EndProject
Project("{930C7802-8A8C-48F9-8165-68863BCCD9DD}") = "WiXInstaller", "WiXInstaller\WiXInstaller.wixproj", "{C925C3DB-D979-467B-B5B4-AD9E0DBCB1FD}"
EndProject
Project("{2150E333-8FDC-42A3-9474-1A3956D46DE8}") = "Version", "Version", "{649CA54C-8988-45DD-8154-AEA8A0A7212B}"
	ProjectSection(SolutionItems) = preProject
		Version\ReadMe.txt = Version\ReadMe.txt
		Version\ver.cs = Version\ver.cs
		Version\ver.template.wxi = Version\ver.template.wxi
	EndProjectSection
EndProject
Global
	GlobalSection(SolutionConfigurationPlatforms) = preSolution
		Debug|Any CPU = Debug|Any CPU
		Debug|x86 = Debug|x86
		Release|Any CPU = Release|Any CPU
		Release|x86 = Release|x86
	EndGlobalSection
	GlobalSection(ProjectConfigurationPlatforms) = postSolution
		{D71C9BC3-3FF5-4C5D-A49E-33E9C2C8A79A}.Debug|Any CPU.ActiveCfg = Debug|Any CPU
		{D71C9BC3-3FF5-4C5D-A49E-33E9C2C8A79A}.Debug|Any CPU.Build.0 = Debug|Any CPU
		{D71C9BC3-3FF5-4C5D-A49E-33E9C2C8A79A}.Debug|x86.ActiveCfg = Debug|Any CPU
		{D71C9BC3-3FF5-4C5D-A49E-33E9C2C8A79A}.Debug|x86.Build.0 = Debug|Any CPU
		{D71C9BC3-3FF5-4C5D-A49E-33E9C2C8A79A}.Release|Any CPU.ActiveCfg = Release|Any CPU
		{D71C9BC3-3FF5-4C5D-A49E-33E9C2C8A79A}.Release|Any CPU.Build.0 = Release|Any CPU
		{D71C9BC3-3FF5-4C5D-A49E-33E9C2C8A79A}.Release|x86.ActiveCfg = Release|Any CPU
		{D71C9BC3-3FF5-4C5D-A49E-33E9C2C8A79A}.Release|x86.Build.0 = Release|Any CPU
		{C925C3DB-D979-467B-B5B4-AD9E0DBCB1FD}.Debug|Any CPU.ActiveCfg = Debug|x86
		{C925C3DB-D979-467B-B5B4-AD9E0DBCB1FD}.Debug|Any CPU.Build.0 = Debug|x86
		{C925C3DB-D979-467B-B5B4-AD9E0DBCB1FD}.Debug|x86.ActiveCfg = Debug|x86
		{C925C3DB-D979-467B-B5B4-AD9E0DBCB1FD}.Debug|x86.Build.0 = Debug|x86
		{C925C3DB-D979-467B-B5B4-AD9E0DBCB1FD}.Release|Any CPU.ActiveCfg = Release|x86
		{C925C3DB-D979-467B-B5B4-AD9E0DBCB1FD}.Release|Any CPU.Build.0 = Release|x86
		{C925C3DB-D979-467B-B5B4-AD9E0DBCB1FD}.Release|x86.ActiveCfg = Release|x86
		{C925C3DB-D979-467B-B5B4-AD9E0DBCB1FD}.Release|x86.Build.0 = Release|x86
	EndGlobalSection
	GlobalSection(SolutionProperties) = preSolution
		HideSolutionNode = FALSE
	EndGlobalSection
	GlobalSection(ExtensibilityGlobals) = postSolution
		SolutionGuid = {C7101C54-5C2C-4F5B-A111-15205C4C403A}
	EndGlobalSection
EndGlobal
