
Microsoft Visual Studio Solution File, Format Version 11.00
# Visual Studio 2010
Project("{FAE04EC0-301F-11D3-BF4B-00C04F79EFBC}") = "SportsTacticsBoard", "SportsTacticsBoard\SportsTacticsBoard.csproj", "{D71C9BC3-3FF5-4C5D-A49E-33E9C2C8A79A}"
EndProject
Global
	GlobalSection(SolutionConfigurationPlatforms) = preSolution
		Debug|Any CPU = Debug|Any CPU
		Release|Any CPU = Release|Any CPU
	EndGlobalSection
	GlobalSection(ProjectConfigurationPlatforms) = postSolution
		{D71C9BC3-3FF5-4C5D-A49E-33E9C2C8A79A}.Debug|Any CPU.ActiveCfg = Debug|Any CPU
		{D71C9BC3-3FF5-4C5D-A49E-33E9C2C8A79A}.Debug|Any CPU.Build.0 = Debug|Any CPU
		{D71C9BC3-3FF5-4C5D-A49E-33E9C2C8A79A}.Release|Any CPU.ActiveCfg = Release|Any CPU
		{D71C9BC3-3FF5-4C5D-A49E-33E9C2C8A79A}.Release|Any CPU.Build.0 = Release|Any CPU
	EndGlobalSection
	GlobalSection(SolutionProperties) = preSolution
		HideSolutionNode = FALSE
	EndGlobalSection
EndGlobal
